// !$*UTF8*$!
{
	archiveVersion = 1;
	classes = {
	};
	objectVersion = 46;
	objects = {

/* Begin PBXBuildFile section */
		3419FA42390BCAA470735E90 /* Pods_BZRideTests.framework in Frameworks */ = {isa = PBXBuildFile; fileRef = D82F36F611EBC597C58029A6 /* Pods_BZRideTests.framework */; };
		710457021D94FABC006DF6AC /* AppDelegate.swift in Sources */ = {isa = PBXBuildFile; fileRef = 710457011D94FABC006DF6AC /* AppDelegate.swift */; };
		710457041D94FABC006DF6AC /* ViewController.swift in Sources */ = {isa = PBXBuildFile; fileRef = 710457031D94FABC006DF6AC /* ViewController.swift */; };
		710457071D94FABC006DF6AC /* Main.storyboard in Resources */ = {isa = PBXBuildFile; fileRef = 710457051D94FABC006DF6AC /* Main.storyboard */; };
		7104570A1D94FABC006DF6AC /* BZRide.xcdatamodeld in Sources */ = {isa = PBXBuildFile; fileRef = 710457081D94FABC006DF6AC /* BZRide.xcdatamodeld */; };
		7104570C1D94FABC006DF6AC /* Assets.xcassets in Resources */ = {isa = PBXBuildFile; fileRef = 7104570B1D94FABC006DF6AC /* Assets.xcassets */; };
		7104570F1D94FABC006DF6AC /* LaunchScreen.storyboard in Resources */ = {isa = PBXBuildFile; fileRef = 7104570D1D94FABC006DF6AC /* LaunchScreen.storyboard */; };
		7104571A1D94FABC006DF6AC /* BZRideTests.swift in Sources */ = {isa = PBXBuildFile; fileRef = 710457191D94FABC006DF6AC /* BZRideTests.swift */; };
		710457251D94FABC006DF6AC /* BZRideUITests.swift in Sources */ = {isa = PBXBuildFile; fileRef = 710457241D94FABC006DF6AC /* BZRideUITests.swift */; };
		710457331D94FF67006DF6AC /* DriverRegViewController.swift in Sources */ = {isa = PBXBuildFile; fileRef = 710457321D94FF67006DF6AC /* DriverRegViewController.swift */; };
		71275BA61DDCACF300090053 /* riderRegisterTableViewController.swift in Sources */ = {isa = PBXBuildFile; fileRef = 71275BA51DDCACF300090053 /* riderRegisterTableViewController.swift */; };
		715ADF721DD097CE00836A53 /* driverbankTableViewController.swift in Sources */ = {isa = PBXBuildFile; fileRef = 715ADF711DD097CE00836A53 /* driverbankTableViewController.swift */; };
		7171E03D1DE563A000FE4EAA /* loginDriverTableViewController.swift in Sources */ = {isa = PBXBuildFile; fileRef = 7171E03C1DE563A000FE4EAA /* loginDriverTableViewController.swift */; };
		7809A9001DF0583000DD41A0 /* RiderCreditCardDetTableViewController.swift in Sources */ = {isa = PBXBuildFile; fileRef = 7809A8FF1DF0583000DD41A0 /* RiderCreditCardDetTableViewController.swift */; };
		78F7FCB11DE6DBE700D8D92E /* SVIndefiniteAnimatedView.m in Sources */ = {isa = PBXBuildFile; fileRef = 78F7FCA81DE6DBE700D8D92E /* SVIndefiniteAnimatedView.m */; };
		78F7FCB21DE6DBE700D8D92E /* SVProgressAnimatedView.m in Sources */ = {isa = PBXBuildFile; fileRef = 78F7FCAA1DE6DBE700D8D92E /* SVProgressAnimatedView.m */; };
		78F7FCB31DE6DBE700D8D92E /* SVProgressHUD.bundle in Resources */ = {isa = PBXBuildFile; fileRef = 78F7FCAC1DE6DBE700D8D92E /* SVProgressHUD.bundle */; };
		78F7FCB41DE6DBE700D8D92E /* SVProgressHUD.m in Sources */ = {isa = PBXBuildFile; fileRef = 78F7FCAE1DE6DBE700D8D92E /* SVProgressHUD.m */; };
		78F7FCB51DE6DBE700D8D92E /* SVRadialGradientLayer.m in Sources */ = {isa = PBXBuildFile; fileRef = 78F7FCB01DE6DBE700D8D92E /* SVRadialGradientLayer.m */; };
		78F7FCB71DE6E20300D8D92E /* myHtml.html in Resources */ = {isa = PBXBuildFile; fileRef = 78F7FCB61DE6E20300D8D92E /* myHtml.html */; };
		78F7FCB91DE6EF2E00D8D92E /* 1.png in Resources */ = {isa = PBXBuildFile; fileRef = 78F7FCB81DE6EF2E00D8D92E /* 1.png */; };
		7F03A0113F675FFE46AAEB81 /* Pods_BZRideUITests.framework in Frameworks */ = {isa = PBXBuildFile; fileRef = 6C57801551CC53F0A5D3EBEE /* Pods_BZRideUITests.framework */; };
		D38BDEE32004B67E01538AC5 /* Pods_BZRide.framework in Frameworks */ = {isa = PBXBuildFile; fileRef = 485B7383D4C6A507B7F186FA /* Pods_BZRide.framework */; };
/* End PBXBuildFile section */

/* Begin PBXContainerItemProxy section */
		710457161D94FABC006DF6AC /* PBXContainerItemProxy */ = {
			isa = PBXContainerItemProxy;
			containerPortal = 710456F61D94FABC006DF6AC /* Project object */;
			proxyType = 1;
			remoteGlobalIDString = 710456FD1D94FABC006DF6AC;
			remoteInfo = BZRide;
		};
		710457211D94FABC006DF6AC /* PBXContainerItemProxy */ = {
			isa = PBXContainerItemProxy;
			containerPortal = 710456F61D94FABC006DF6AC /* Project object */;
			proxyType = 1;
			remoteGlobalIDString = 710456FD1D94FABC006DF6AC;
			remoteInfo = BZRide;
		};
/* End PBXContainerItemProxy section */

/* Begin PBXFileReference section */
		1BAA33901976FD9E2CAE86EB /* Pods-BZRideTests.release.xcconfig */ = {isa = PBXFileReference; includeInIndex = 1; lastKnownFileType = text.xcconfig; name = "Pods-BZRideTests.release.xcconfig"; path = "Pods/Target Support Files/Pods-BZRideTests/Pods-BZRideTests.release.xcconfig"; sourceTree = "<group>"; };
		24181805EFC7200290543F13 /* Pods-BZRide.release.xcconfig */ = {isa = PBXFileReference; includeInIndex = 1; lastKnownFileType = text.xcconfig; name = "Pods-BZRide.release.xcconfig"; path = "Pods/Target Support Files/Pods-BZRide/Pods-BZRide.release.xcconfig"; sourceTree = "<group>"; };
		2CE5154976A6623C9CCCD18F /* Pods-BZRideUITests.release.xcconfig */ = {isa = PBXFileReference; includeInIndex = 1; lastKnownFileType = text.xcconfig; name = "Pods-BZRideUITests.release.xcconfig"; path = "Pods/Target Support Files/Pods-BZRideUITests/Pods-BZRideUITests.release.xcconfig"; sourceTree = "<group>"; };
		485B7383D4C6A507B7F186FA /* Pods_BZRide.framework */ = {isa = PBXFileReference; explicitFileType = wrapper.framework; includeInIndex = 0; path = Pods_BZRide.framework; sourceTree = BUILT_PRODUCTS_DIR; };
		6C57801551CC53F0A5D3EBEE /* Pods_BZRideUITests.framework */ = {isa = PBXFileReference; explicitFileType = wrapper.framework; includeInIndex = 0; path = Pods_BZRideUITests.framework; sourceTree = BUILT_PRODUCTS_DIR; };
		710456FE1D94FABC006DF6AC /* BZRide.app */ = {isa = PBXFileReference; explicitFileType = wrapper.application; includeInIndex = 0; path = BZRide.app; sourceTree = BUILT_PRODUCTS_DIR; };
		710457011D94FABC006DF6AC /* AppDelegate.swift */ = {isa = PBXFileReference; lastKnownFileType = sourcecode.swift; path = AppDelegate.swift; sourceTree = "<group>"; };
		710457031D94FABC006DF6AC /* ViewController.swift */ = {isa = PBXFileReference; lastKnownFileType = sourcecode.swift; path = ViewController.swift; sourceTree = "<group>"; };
		710457061D94FABC006DF6AC /* Base */ = {isa = PBXFileReference; lastKnownFileType = file.storyboard; name = Base; path = Base.lproj/Main.storyboard; sourceTree = "<group>"; };
		710457091D94FABC006DF6AC /* BZRide.xcdatamodel */ = {isa = PBXFileReference; lastKnownFileType = wrapper.xcdatamodel; path = BZRide.xcdatamodel; sourceTree = "<group>"; };
		7104570B1D94FABC006DF6AC /* Assets.xcassets */ = {isa = PBXFileReference; lastKnownFileType = folder.assetcatalog; path = Assets.xcassets; sourceTree = "<group>"; };
		7104570E1D94FABC006DF6AC /* Base */ = {isa = PBXFileReference; lastKnownFileType = file.storyboard; name = Base; path = Base.lproj/LaunchScreen.storyboard; sourceTree = "<group>"; };
		710457101D94FABC006DF6AC /* Info.plist */ = {isa = PBXFileReference; lastKnownFileType = text.plist.xml; path = Info.plist; sourceTree = "<group>"; };
		710457151D94FABC006DF6AC /* BZRideTests.xctest */ = {isa = PBXFileReference; explicitFileType = wrapper.cfbundle; includeInIndex = 0; path = BZRideTests.xctest; sourceTree = BUILT_PRODUCTS_DIR; };
		710457191D94FABC006DF6AC /* BZRideTests.swift */ = {isa = PBXFileReference; lastKnownFileType = sourcecode.swift; path = BZRideTests.swift; sourceTree = "<group>"; };
		7104571B1D94FABC006DF6AC /* Info.plist */ = {isa = PBXFileReference; lastKnownFileType = text.plist.xml; path = Info.plist; sourceTree = "<group>"; };
		710457201D94FABC006DF6AC /* BZRideUITests.xctest */ = {isa = PBXFileReference; explicitFileType = wrapper.cfbundle; includeInIndex = 0; path = BZRideUITests.xctest; sourceTree = BUILT_PRODUCTS_DIR; };
		710457241D94FABC006DF6AC /* BZRideUITests.swift */ = {isa = PBXFileReference; lastKnownFileType = sourcecode.swift; path = BZRideUITests.swift; sourceTree = "<group>"; };
		710457261D94FABC006DF6AC /* Info.plist */ = {isa = PBXFileReference; lastKnownFileType = text.plist.xml; path = Info.plist; sourceTree = "<group>"; };
		710457321D94FF67006DF6AC /* DriverRegViewController.swift */ = {isa = PBXFileReference; fileEncoding = 4; lastKnownFileType = sourcecode.swift; path = DriverRegViewController.swift; sourceTree = "<group>"; };
		71275BA51DDCACF300090053 /* riderRegisterTableViewController.swift */ = {isa = PBXFileReference; fileEncoding = 4; lastKnownFileType = sourcecode.swift; path = riderRegisterTableViewController.swift; sourceTree = "<group>"; };
		715ADF711DD097CE00836A53 /* driverbankTableViewController.swift */ = {isa = PBXFileReference; fileEncoding = 4; lastKnownFileType = sourcecode.swift; path = driverbankTableViewController.swift; sourceTree = "<group>"; };
		715ADF8C1DD0B3C700836A53 /* BZRide-Bridging-Header.h */ = {isa = PBXFileReference; lastKnownFileType = sourcecode.c.h; path = "BZRide-Bridging-Header.h"; sourceTree = "<group>"; };
		7171E03C1DE563A000FE4EAA /* loginDriverTableViewController.swift */ = {isa = PBXFileReference; fileEncoding = 4; lastKnownFileType = sourcecode.swift; path = loginDriverTableViewController.swift; sourceTree = "<group>"; };
		7809A8FF1DF0583000DD41A0 /* RiderCreditCardDetTableViewController.swift */ = {isa = PBXFileReference; fileEncoding = 4; lastKnownFileType = sourcecode.swift; path = RiderCreditCardDetTableViewController.swift; sourceTree = "<group>"; };
		78F7FCA71DE6DBE700D8D92E /* SVIndefiniteAnimatedView.h */ = {isa = PBXFileReference; fileEncoding = 4; lastKnownFileType = sourcecode.c.h; path = SVIndefiniteAnimatedView.h; sourceTree = "<group>"; };
		78F7FCA81DE6DBE700D8D92E /* SVIndefiniteAnimatedView.m */ = {isa = PBXFileReference; fileEncoding = 4; lastKnownFileType = sourcecode.c.objc; path = SVIndefiniteAnimatedView.m; sourceTree = "<group>"; };
		78F7FCA91DE6DBE700D8D92E /* SVProgressAnimatedView.h */ = {isa = PBXFileReference; fileEncoding = 4; lastKnownFileType = sourcecode.c.h; path = SVProgressAnimatedView.h; sourceTree = "<group>"; };
		78F7FCAA1DE6DBE700D8D92E /* SVProgressAnimatedView.m */ = {isa = PBXFileReference; fileEncoding = 4; lastKnownFileType = sourcecode.c.objc; path = SVProgressAnimatedView.m; sourceTree = "<group>"; };
		78F7FCAB1DE6DBE700D8D92E /* SVProgressHUD-Prefix.pch */ = {isa = PBXFileReference; fileEncoding = 4; lastKnownFileType = sourcecode.c.h; path = "SVProgressHUD-Prefix.pch"; sourceTree = "<group>"; };
		78F7FCAC1DE6DBE700D8D92E /* SVProgressHUD.bundle */ = {isa = PBXFileReference; lastKnownFileType = "wrapper.plug-in"; path = SVProgressHUD.bundle; sourceTree = "<group>"; };
		78F7FCAD1DE6DBE700D8D92E /* SVProgressHUD.h */ = {isa = PBXFileReference; fileEncoding = 4; lastKnownFileType = sourcecode.c.h; path = SVProgressHUD.h; sourceTree = "<group>"; };
		78F7FCAE1DE6DBE700D8D92E /* SVProgressHUD.m */ = {isa = PBXFileReference; fileEncoding = 4; lastKnownFileType = sourcecode.c.objc; path = SVProgressHUD.m; sourceTree = "<group>"; };
		78F7FCAF1DE6DBE700D8D92E /* SVRadialGradientLayer.h */ = {isa = PBXFileReference; fileEncoding = 4; lastKnownFileType = sourcecode.c.h; path = SVRadialGradientLayer.h; sourceTree = "<group>"; };
		78F7FCB01DE6DBE700D8D92E /* SVRadialGradientLayer.m */ = {isa = PBXFileReference; fileEncoding = 4; lastKnownFileType = sourcecode.c.objc; path = SVRadialGradientLayer.m; sourceTree = "<group>"; };
		78F7FCB61DE6E20300D8D92E /* myHtml.html */ = {isa = PBXFileReference; fileEncoding = 4; lastKnownFileType = text.html; path = myHtml.html; sourceTree = "<group>"; };
		78F7FCB81DE6EF2E00D8D92E /* 1.png */ = {isa = PBXFileReference; lastKnownFileType = image.png; path = 1.png; sourceTree = "<group>"; };
		906E6C5FF4C33CB3F1808CA0 /* Pods-BZRide.debug.xcconfig */ = {isa = PBXFileReference; includeInIndex = 1; lastKnownFileType = text.xcconfig; name = "Pods-BZRide.debug.xcconfig"; path = "Pods/Target Support Files/Pods-BZRide/Pods-BZRide.debug.xcconfig"; sourceTree = "<group>"; };
		968E34C79D5CCFF83A96F1C3 /* Pods-BZRideTests.debug.xcconfig */ = {isa = PBXFileReference; includeInIndex = 1; lastKnownFileType = text.xcconfig; name = "Pods-BZRideTests.debug.xcconfig"; path = "Pods/Target Support Files/Pods-BZRideTests/Pods-BZRideTests.debug.xcconfig"; sourceTree = "<group>"; };
		D82F36F611EBC597C58029A6 /* Pods_BZRideTests.framework */ = {isa = PBXFileReference; explicitFileType = wrapper.framework; includeInIndex = 0; path = Pods_BZRideTests.framework; sourceTree = BUILT_PRODUCTS_DIR; };
		DDCD65A711CD3A501B066651 /* Pods-BZRideUITests.debug.xcconfig */ = {isa = PBXFileReference; includeInIndex = 1; lastKnownFileType = text.xcconfig; name = "Pods-BZRideUITests.debug.xcconfig"; path = "Pods/Target Support Files/Pods-BZRideUITests/Pods-BZRideUITests.debug.xcconfig"; sourceTree = "<group>"; };
/* End PBXFileReference section */

/* Begin PBXFrameworksBuildPhase section */
		710456FB1D94FABC006DF6AC /* Frameworks */ = {
			isa = PBXFrameworksBuildPhase;
			buildActionMask = 2147483647;
			files = (
				D38BDEE32004B67E01538AC5 /* Pods_BZRide.framework in Frameworks */,
			);
			runOnlyForDeploymentPostprocessing = 0;
		};
		710457121D94FABC006DF6AC /* Frameworks */ = {
			isa = PBXFrameworksBuildPhase;
			buildActionMask = 2147483647;
			files = (
				3419FA42390BCAA470735E90 /* Pods_BZRideTests.framework in Frameworks */,
			);
			runOnlyForDeploymentPostprocessing = 0;
		};
		7104571D1D94FABC006DF6AC /* Frameworks */ = {
			isa = PBXFrameworksBuildPhase;
			buildActionMask = 2147483647;
			files = (
				7F03A0113F675FFE46AAEB81 /* Pods_BZRideUITests.framework in Frameworks */,
			);
			runOnlyForDeploymentPostprocessing = 0;
		};
/* End PBXFrameworksBuildPhase section */

/* Begin PBXGroup section */
		710456F51D94FABC006DF6AC = {
			isa = PBXGroup;
			children = (
				710457001D94FABC006DF6AC /* BZRide */,
				710457181D94FABC006DF6AC /* BZRideTests */,
				710457231D94FABC006DF6AC /* BZRideUITests */,
				710456FF1D94FABC006DF6AC /* Products */,
				E5BF153E2191BC586A1AB950 /* Pods */,
				748064C0F3EECEC1695CD123 /* Frameworks */,
			);
			sourceTree = "<group>";
		};
		710456FF1D94FABC006DF6AC /* Products */ = {
			isa = PBXGroup;
			children = (
				710456FE1D94FABC006DF6AC /* BZRide.app */,
				710457151D94FABC006DF6AC /* BZRideTests.xctest */,
				710457201D94FABC006DF6AC /* BZRideUITests.xctest */,
			);
			name = Products;
			sourceTree = "<group>";
		};
		710457001D94FABC006DF6AC /* BZRide */ = {
			isa = PBXGroup;
			children = (
				715ADF8B1DD0AE2E00836A53 /* SVProgressHUD */,
				716A2FA51DC8620800997481 /* Images */,
				710457011D94FABC006DF6AC /* AppDelegate.swift */,
				710457031D94FABC006DF6AC /* ViewController.swift */,
				715ADF711DD097CE00836A53 /* driverbankTableViewController.swift */,
				78F7FCB61DE6E20300D8D92E /* myHtml.html */,
				71275BA51DDCACF300090053 /* riderRegisterTableViewController.swift */,
				710457051D94FABC006DF6AC /* Main.storyboard */,
				7809A8FF1DF0583000DD41A0 /* RiderCreditCardDetTableViewController.swift */,
				7171E03C1DE563A000FE4EAA /* loginDriverTableViewController.swift */,
				710457321D94FF67006DF6AC /* DriverRegViewController.swift */,
				7104570B1D94FABC006DF6AC /* Assets.xcassets */,
				7104570D1D94FABC006DF6AC /* LaunchScreen.storyboard */,
				710457101D94FABC006DF6AC /* Info.plist */,
				710457081D94FABC006DF6AC /* BZRide.xcdatamodeld */,
			);
			path = BZRide;
			sourceTree = "<group>";
		};
		710457181D94FABC006DF6AC /* BZRideTests */ = {
			isa = PBXGroup;
			children = (
				710457191D94FABC006DF6AC /* BZRideTests.swift */,
				7104571B1D94FABC006DF6AC /* Info.plist */,
			);
			path = BZRideTests;
			sourceTree = "<group>";
		};
		710457231D94FABC006DF6AC /* BZRideUITests */ = {
			isa = PBXGroup;
			children = (
				710457241D94FABC006DF6AC /* BZRideUITests.swift */,
				710457261D94FABC006DF6AC /* Info.plist */,
			);
			path = BZRideUITests;
			sourceTree = "<group>";
		};
		715ADF8B1DD0AE2E00836A53 /* SVProgressHUD */ = {
			isa = PBXGroup;
			children = (
				78F7FCA71DE6DBE700D8D92E /* SVIndefiniteAnimatedView.h */,
				78F7FCA81DE6DBE700D8D92E /* SVIndefiniteAnimatedView.m */,
				78F7FCA91DE6DBE700D8D92E /* SVProgressAnimatedView.h */,
				78F7FCAA1DE6DBE700D8D92E /* SVProgressAnimatedView.m */,
				78F7FCAB1DE6DBE700D8D92E /* SVProgressHUD-Prefix.pch */,
				78F7FCAC1DE6DBE700D8D92E /* SVProgressHUD.bundle */,
				78F7FCAD1DE6DBE700D8D92E /* SVProgressHUD.h */,
				78F7FCAE1DE6DBE700D8D92E /* SVProgressHUD.m */,
				78F7FCAF1DE6DBE700D8D92E /* SVRadialGradientLayer.h */,
				78F7FCB01DE6DBE700D8D92E /* SVRadialGradientLayer.m */,
				715ADF8C1DD0B3C700836A53 /* BZRide-Bridging-Header.h */,
			);
			name = SVProgressHUD;
			sourceTree = "<group>";
		};
		716A2FA51DC8620800997481 /* Images */ = {
			isa = PBXGroup;
			children = (
				78F7FCB81DE6EF2E00D8D92E /* 1.png */,
			);
			name = Images;
			sourceTree = "<group>";
		};
		748064C0F3EECEC1695CD123 /* Frameworks */ = {
			isa = PBXGroup;
			children = (
				485B7383D4C6A507B7F186FA /* Pods_BZRide.framework */,
				D82F36F611EBC597C58029A6 /* Pods_BZRideTests.framework */,
				6C57801551CC53F0A5D3EBEE /* Pods_BZRideUITests.framework */,
			);
			name = Frameworks;
			sourceTree = "<group>";
		};
		E5BF153E2191BC586A1AB950 /* Pods */ = {
			isa = PBXGroup;
			children = (
				906E6C5FF4C33CB3F1808CA0 /* Pods-BZRide.debug.xcconfig */,
				24181805EFC7200290543F13 /* Pods-BZRide.release.xcconfig */,
				968E34C79D5CCFF83A96F1C3 /* Pods-BZRideTests.debug.xcconfig */,
				1BAA33901976FD9E2CAE86EB /* Pods-BZRideTests.release.xcconfig */,
				DDCD65A711CD3A501B066651 /* Pods-BZRideUITests.debug.xcconfig */,
				2CE5154976A6623C9CCCD18F /* Pods-BZRideUITests.release.xcconfig */,
			);
			name = Pods;
			sourceTree = "<group>";
		};
/* End PBXGroup section */

/* Begin PBXNativeTarget section */
		710456FD1D94FABC006DF6AC /* BZRide */ = {
			isa = PBXNativeTarget;
			buildConfigurationList = 710457291D94FABC006DF6AC /* Build configuration list for PBXNativeTarget "BZRide" */;
			buildPhases = (
				446AB12590319F17A62A3E67 /* [CP] Check Pods Manifest.lock */,
				710456FA1D94FABC006DF6AC /* Sources */,
				710456FB1D94FABC006DF6AC /* Frameworks */,
				710456FC1D94FABC006DF6AC /* Resources */,
				49F1931775B193A907D5BBCB /* [CP] Embed Pods Frameworks */,
				8C4B6C1D366353DE44841E3F /* [CP] Copy Pods Resources */,
			);
			buildRules = (
			);
			dependencies = (
			);
			name = BZRide;
			productName = BZRide;
			productReference = 710456FE1D94FABC006DF6AC /* BZRide.app */;
			productType = "com.apple.product-type.application";
		};
		710457141D94FABC006DF6AC /* BZRideTests */ = {
			isa = PBXNativeTarget;
			buildConfigurationList = 7104572C1D94FABC006DF6AC /* Build configuration list for PBXNativeTarget "BZRideTests" */;
			buildPhases = (
				085276B7E7D7A73F41A6BF78 /* [CP] Check Pods Manifest.lock */,
				710457111D94FABC006DF6AC /* Sources */,
				710457121D94FABC006DF6AC /* Frameworks */,
				710457131D94FABC006DF6AC /* Resources */,
				BA6EE233179855F0F733973E /* [CP] Embed Pods Frameworks */,
				EC2604BEF0956AE1A9621705 /* [CP] Copy Pods Resources */,
			);
			buildRules = (
			);
			dependencies = (
				710457171D94FABC006DF6AC /* PBXTargetDependency */,
			);
			name = BZRideTests;
			productName = BZRideTests;
			productReference = 710457151D94FABC006DF6AC /* BZRideTests.xctest */;
			productType = "com.apple.product-type.bundle.unit-test";
		};
		7104571F1D94FABC006DF6AC /* BZRideUITests */ = {
			isa = PBXNativeTarget;
			buildConfigurationList = 7104572F1D94FABC006DF6AC /* Build configuration list for PBXNativeTarget "BZRideUITests" */;
			buildPhases = (
				6BAFBD340D0D3CDB430CD78F /* [CP] Check Pods Manifest.lock */,
				7104571C1D94FABC006DF6AC /* Sources */,
				7104571D1D94FABC006DF6AC /* Frameworks */,
				7104571E1D94FABC006DF6AC /* Resources */,
				3A0F038A01EC88DAE2D85AC6 /* [CP] Embed Pods Frameworks */,
				088FA3CD257BBB7E8B52F1D3 /* [CP] Copy Pods Resources */,
			);
			buildRules = (
			);
			dependencies = (
				710457221D94FABC006DF6AC /* PBXTargetDependency */,
			);
			name = BZRideUITests;
			productName = BZRideUITests;
			productReference = 710457201D94FABC006DF6AC /* BZRideUITests.xctest */;
			productType = "com.apple.product-type.bundle.ui-testing";
		};
/* End PBXNativeTarget section */

/* Begin PBXProject section */
		710456F61D94FABC006DF6AC /* Project object */ = {
			isa = PBXProject;
			attributes = {
				LastSwiftUpdateCheck = 0800;
				LastUpgradeCheck = 0800;
				ORGANIZATIONNAME = Sooraj;
				TargetAttributes = {
					710456FD1D94FABC006DF6AC = {
						CreatedOnToolsVersion = 8.0;
						LastSwiftMigration = 0800;
						ProvisioningStyle = Automatic;
					};
					710457141D94FABC006DF6AC = {
						CreatedOnToolsVersion = 8.0;
						ProvisioningStyle = Automatic;
						TestTargetID = 710456FD1D94FABC006DF6AC;
					};
					7104571F1D94FABC006DF6AC = {
						CreatedOnToolsVersion = 8.0;
						ProvisioningStyle = Automatic;
						TestTargetID = 710456FD1D94FABC006DF6AC;
					};
				};
			};
			buildConfigurationList = 710456F91D94FABC006DF6AC /* Build configuration list for PBXProject "BZRide" */;
			compatibilityVersion = "Xcode 3.2";
			developmentRegion = English;
			hasScannedForEncodings = 0;
			knownRegions = (
				en,
				Base,
			);
			mainGroup = 710456F51D94FABC006DF6AC;
			productRefGroup = 710456FF1D94FABC006DF6AC /* Products */;
			projectDirPath = "";
			projectRoot = "";
			targets = (
				710456FD1D94FABC006DF6AC /* BZRide */,
				710457141D94FABC006DF6AC /* BZRideTests */,
				7104571F1D94FABC006DF6AC /* BZRideUITests */,
			);
		};
/* End PBXProject section */

/* Begin PBXResourcesBuildPhase section */
		710456FC1D94FABC006DF6AC /* Resources */ = {
			isa = PBXResourcesBuildPhase;
			buildActionMask = 2147483647;
			files = (
				78F7FCB31DE6DBE700D8D92E /* SVProgressHUD.bundle in Resources */,
				78F7FCB71DE6E20300D8D92E /* myHtml.html in Resources */,
				7104570F1D94FABC006DF6AC /* LaunchScreen.storyboard in Resources */,
				78F7FCB91DE6EF2E00D8D92E /* 1.png in Resources */,
				7104570C1D94FABC006DF6AC /* Assets.xcassets in Resources */,
				710457071D94FABC006DF6AC /* Main.storyboard in Resources */,
			);
			runOnlyForDeploymentPostprocessing = 0;
		};
		710457131D94FABC006DF6AC /* Resources */ = {
			isa = PBXResourcesBuildPhase;
			buildActionMask = 2147483647;
			files = (
			);
			runOnlyForDeploymentPostprocessing = 0;
		};
		7104571E1D94FABC006DF6AC /* Resources */ = {
			isa = PBXResourcesBuildPhase;
			buildActionMask = 2147483647;
			files = (
			);
			runOnlyForDeploymentPostprocessing = 0;
		};
/* End PBXResourcesBuildPhase section */

/* Begin PBXShellScriptBuildPhase section */
		085276B7E7D7A73F41A6BF78 /* [CP] Check Pods Manifest.lock */ = {
			isa = PBXShellScriptBuildPhase;
			buildActionMask = 2147483647;
			files = (
			);
			inputPaths = (
			);
			name = "[CP] Check Pods Manifest.lock";
			outputPaths = (
			);
			runOnlyForDeploymentPostprocessing = 0;
			shellPath = /bin/sh;
			shellScript = "diff \"${PODS_ROOT}/../Podfile.lock\" \"${PODS_ROOT}/Manifest.lock\" > /dev/null\nif [ $? != 0 ] ; then\n    # print error to STDERR\n    echo \"error: The sandbox is not in sync with the Podfile.lock. Run 'pod install' or update your CocoaPods installation.\" >&2\n    exit 1\nfi\n";
			showEnvVarsInLog = 0;
		};
		088FA3CD257BBB7E8B52F1D3 /* [CP] Copy Pods Resources */ = {
			isa = PBXShellScriptBuildPhase;
			buildActionMask = 2147483647;
			files = (
			);
			inputPaths = (
			);
			name = "[CP] Copy Pods Resources";
			outputPaths = (
			);
			runOnlyForDeploymentPostprocessing = 0;
			shellPath = /bin/sh;
			shellScript = "\"${SRCROOT}/Pods/Target Support Files/Pods-BZRideUITests/Pods-BZRideUITests-resources.sh\"\n";
			showEnvVarsInLog = 0;
		};
		3A0F038A01EC88DAE2D85AC6 /* [CP] Embed Pods Frameworks */ = {
			isa = PBXShellScriptBuildPhase;
			buildActionMask = 2147483647;
			files = (
			);
			inputPaths = (
			);
			name = "[CP] Embed Pods Frameworks";
			outputPaths = (
			);
			runOnlyForDeploymentPostprocessing = 0;
			shellPath = /bin/sh;
			shellScript = "\"${SRCROOT}/Pods/Target Support Files/Pods-BZRideUITests/Pods-BZRideUITests-frameworks.sh\"\n";
			showEnvVarsInLog = 0;
		};
		446AB12590319F17A62A3E67 /* [CP] Check Pods Manifest.lock */ = {
			isa = PBXShellScriptBuildPhase;
			buildActionMask = 2147483647;
			files = (
			);
			inputPaths = (
			);
			name = "[CP] Check Pods Manifest.lock";
			outputPaths = (
			);
			runOnlyForDeploymentPostprocessing = 0;
			shellPath = /bin/sh;
			shellScript = "diff \"${PODS_ROOT}/../Podfile.lock\" \"${PODS_ROOT}/Manifest.lock\" > /dev/null\nif [ $? != 0 ] ; then\n    # print error to STDERR\n    echo \"error: The sandbox is not in sync with the Podfile.lock. Run 'pod install' or update your CocoaPods installation.\" >&2\n    exit 1\nfi\n";
			showEnvVarsInLog = 0;
		};
		49F1931775B193A907D5BBCB /* [CP] Embed Pods Frameworks */ = {
			isa = PBXShellScriptBuildPhase;
			buildActionMask = 2147483647;
			files = (
			);
			inputPaths = (
			);
			name = "[CP] Embed Pods Frameworks";
			outputPaths = (
			);
			runOnlyForDeploymentPostprocessing = 0;
			shellPath = /bin/sh;
			shellScript = "\"${SRCROOT}/Pods/Target Support Files/Pods-BZRide/Pods-BZRide-frameworks.sh\"\n";
			showEnvVarsInLog = 0;
		};
		6BAFBD340D0D3CDB430CD78F /* [CP] Check Pods Manifest.lock */ = {
			isa = PBXShellScriptBuildPhase;
			buildActionMask = 2147483647;
			files = (
			);
			inputPaths = (
			);
			name = "[CP] Check Pods Manifest.lock";
			outputPaths = (
			);
			runOnlyForDeploymentPostprocessing = 0;
			shellPath = /bin/sh;
			shellScript = "diff \"${PODS_ROOT}/../Podfile.lock\" \"${PODS_ROOT}/Manifest.lock\" > /dev/null\nif [ $? != 0 ] ; then\n    # print error to STDERR\n    echo \"error: The sandbox is not in sync with the Podfile.lock. Run 'pod install' or update your CocoaPods installation.\" >&2\n    exit 1\nfi\n";
			showEnvVarsInLog = 0;
		};
		8C4B6C1D366353DE44841E3F /* [CP] Copy Pods Resources */ = {
			isa = PBXShellScriptBuildPhase;
			buildActionMask = 2147483647;
			files = (
			);
			inputPaths = (
			);
			name = "[CP] Copy Pods Resources";
			outputPaths = (
			);
			runOnlyForDeploymentPostprocessing = 0;
			shellPath = /bin/sh;
			shellScript = "\"${SRCROOT}/Pods/Target Support Files/Pods-BZRide/Pods-BZRide-resources.sh\"\n";
			showEnvVarsInLog = 0;
		};
		BA6EE233179855F0F733973E /* [CP] Embed Pods Frameworks */ = {
			isa = PBXShellScriptBuildPhase;
			buildActionMask = 2147483647;
			files = (
			);
			inputPaths = (
			);
			name = "[CP] Embed Pods Frameworks";
			outputPaths = (
			);
			runOnlyForDeploymentPostprocessing = 0;
			shellPath = /bin/sh;
			shellScript = "\"${SRCROOT}/Pods/Target Support Files/Pods-BZRideTests/Pods-BZRideTests-frameworks.sh\"\n";
			showEnvVarsInLog = 0;
		};
		EC2604BEF0956AE1A9621705 /* [CP] Copy Pods Resources */ = {
			isa = PBXShellScriptBuildPhase;
			buildActionMask = 2147483647;
			files = (
			);
			inputPaths = (
			);
			name = "[CP] Copy Pods Resources";
			outputPaths = (
			);
			runOnlyForDeploymentPostprocessing = 0;
			shellPath = /bin/sh;
			shellScript = "\"${SRCROOT}/Pods/Target Support Files/Pods-BZRideTests/Pods-BZRideTests-resources.sh\"\n";
			showEnvVarsInLog = 0;
		};
/* End PBXShellScriptBuildPhase section */

/* Begin PBXSourcesBuildPhase section */
		710456FA1D94FABC006DF6AC /* Sources */ = {
			isa = PBXSourcesBuildPhase;
			buildActionMask = 2147483647;
			files = (
				7104570A1D94FABC006DF6AC /* BZRide.xcdatamodeld in Sources */,
				710457331D94FF67006DF6AC /* DriverRegViewController.swift in Sources */,
				7171E03D1DE563A000FE4EAA /* loginDriverTableViewController.swift in Sources */,
				78F7FCB11DE6DBE700D8D92E /* SVIndefiniteAnimatedView.m in Sources */,
				710457041D94FABC006DF6AC /* ViewController.swift in Sources */,
				7809A9001DF0583000DD41A0 /* RiderCreditCardDetTableViewController.swift in Sources */,
				78F7FCB21DE6DBE700D8D92E /* SVProgressAnimatedView.m in Sources */,
				71275BA61DDCACF300090053 /* riderRegisterTableViewController.swift in Sources */,
				78F7FCB41DE6DBE700D8D92E /* SVProgressHUD.m in Sources */,
				710457021D94FABC006DF6AC /* AppDelegate.swift in Sources */,
				715ADF721DD097CE00836A53 /* driverbankTableViewController.swift in Sources */,
				78F7FCB51DE6DBE700D8D92E /* SVRadialGradientLayer.m in Sources */,
			);
			runOnlyForDeploymentPostprocessing = 0;
		};
		710457111D94FABC006DF6AC /* Sources */ = {
			isa = PBXSourcesBuildPhase;
			buildActionMask = 2147483647;
			files = (
				7104571A1D94FABC006DF6AC /* BZRideTests.swift in Sources */,
			);
			runOnlyForDeploymentPostprocessing = 0;
		};
		7104571C1D94FABC006DF6AC /* Sources */ = {
			isa = PBXSourcesBuildPhase;
			buildActionMask = 2147483647;
			files = (
				710457251D94FABC006DF6AC /* BZRideUITests.swift in Sources */,
			);
			runOnlyForDeploymentPostprocessing = 0;
		};
/* End PBXSourcesBuildPhase section */

/* Begin PBXTargetDependency section */
		710457171D94FABC006DF6AC /* PBXTargetDependency */ = {
			isa = PBXTargetDependency;
			target = 710456FD1D94FABC006DF6AC /* BZRide */;
			targetProxy = 710457161D94FABC006DF6AC /* PBXContainerItemProxy */;
		};
		710457221D94FABC006DF6AC /* PBXTargetDependency */ = {
			isa = PBXTargetDependency;
			target = 710456FD1D94FABC006DF6AC /* BZRide */;
			targetProxy = 710457211D94FABC006DF6AC /* PBXContainerItemProxy */;
		};
/* End PBXTargetDependency section */

/* Begin PBXVariantGroup section */
		710457051D94FABC006DF6AC /* Main.storyboard */ = {
			isa = PBXVariantGroup;
			children = (
				710457061D94FABC006DF6AC /* Base */,
			);
			name = Main.storyboard;
			sourceTree = "<group>";
		};
		7104570D1D94FABC006DF6AC /* LaunchScreen.storyboard */ = {
			isa = PBXVariantGroup;
			children = (
				7104570E1D94FABC006DF6AC /* Base */,
			);
			name = LaunchScreen.storyboard;
			sourceTree = "<group>";
		};
/* End PBXVariantGroup section */

/* Begin XCBuildConfiguration section */
		710457271D94FABC006DF6AC /* Debug */ = {
			isa = XCBuildConfiguration;
			buildSettings = {
				ALWAYS_SEARCH_USER_PATHS = NO;
				CLANG_ANALYZER_NONNULL = YES;
				CLANG_CXX_LANGUAGE_STANDARD = "gnu++0x";
				CLANG_CXX_LIBRARY = "libc++";
				CLANG_ENABLE_MODULES = YES;
				CLANG_ENABLE_OBJC_ARC = YES;
				CLANG_WARN_BOOL_CONVERSION = YES;
				CLANG_WARN_CONSTANT_CONVERSION = YES;
				CLANG_WARN_DIRECT_OBJC_ISA_USAGE = YES_ERROR;
				CLANG_WARN_DOCUMENTATION_COMMENTS = YES;
				CLANG_WARN_EMPTY_BODY = YES;
				CLANG_WARN_ENUM_CONVERSION = YES;
				CLANG_WARN_INFINITE_RECURSION = YES;
				CLANG_WARN_INT_CONVERSION = YES;
				CLANG_WARN_OBJC_ROOT_CLASS = YES_ERROR;
				CLANG_WARN_SUSPICIOUS_MOVES = YES;
				CLANG_WARN_UNREACHABLE_CODE = YES;
				CLANG_WARN__DUPLICATE_METHOD_MATCH = YES;
				"CODE_SIGN_IDENTITY[sdk=iphoneos*]" = "iPhone Developer";
				COPY_PHASE_STRIP = NO;
				DEBUG_INFORMATION_FORMAT = dwarf;
				ENABLE_STRICT_OBJC_MSGSEND = YES;
				ENABLE_TESTABILITY = YES;
				GCC_C_LANGUAGE_STANDARD = gnu99;
				GCC_DYNAMIC_NO_PIC = NO;
				GCC_NO_COMMON_BLOCKS = YES;
				GCC_OPTIMIZATION_LEVEL = 0;
				GCC_PREPROCESSOR_DEFINITIONS = (
					"DEBUG=1",
					"$(inherited)",
				);
				GCC_WARN_64_TO_32_BIT_CONVERSION = YES;
				GCC_WARN_ABOUT_RETURN_TYPE = YES_ERROR;
				GCC_WARN_UNDECLARED_SELECTOR = YES;
				GCC_WARN_UNINITIALIZED_AUTOS = YES_AGGRESSIVE;
				GCC_WARN_UNUSED_FUNCTION = YES;
				GCC_WARN_UNUSED_VARIABLE = YES;
				IPHONEOS_DEPLOYMENT_TARGET = 10.0;
				MTL_ENABLE_DEBUG_INFO = YES;
				ONLY_ACTIVE_ARCH = YES;
				SDKROOT = iphoneos;
				SWIFT_ACTIVE_COMPILATION_CONDITIONS = DEBUG;
				SWIFT_OPTIMIZATION_LEVEL = "-Onone";
				TARGETED_DEVICE_FAMILY = "1,2";
			};
			name = Debug;
		};
		710457281D94FABC006DF6AC /* Release */ = {
			isa = XCBuildConfiguration;
			buildSettings = {
				ALWAYS_SEARCH_USER_PATHS = NO;
				CLANG_ANALYZER_NONNULL = YES;
				CLANG_CXX_LANGUAGE_STANDARD = "gnu++0x";
				CLANG_CXX_LIBRARY = "libc++";
				CLANG_ENABLE_MODULES = YES;
				CLANG_ENABLE_OBJC_ARC = YES;
				CLANG_WARN_BOOL_CONVERSION = YES;
				CLANG_WARN_CONSTANT_CONVERSION = YES;
				CLANG_WARN_DIRECT_OBJC_ISA_USAGE = YES_ERROR;
				CLANG_WARN_DOCUMENTATION_COMMENTS = YES;
				CLANG_WARN_EMPTY_BODY = YES;
				CLANG_WARN_ENUM_CONVERSION = YES;
				CLANG_WARN_INFINITE_RECURSION = YES;
				CLANG_WARN_INT_CONVERSION = YES;
				CLANG_WARN_OBJC_ROOT_CLASS = YES_ERROR;
				CLANG_WARN_SUSPICIOUS_MOVES = YES;
				CLANG_WARN_UNREACHABLE_CODE = YES;
				CLANG_WARN__DUPLICATE_METHOD_MATCH = YES;
				"CODE_SIGN_IDENTITY[sdk=iphoneos*]" = "iPhone Developer";
				COPY_PHASE_STRIP = NO;
				DEBUG_INFORMATION_FORMAT = "dwarf-with-dsym";
				ENABLE_NS_ASSERTIONS = NO;
				ENABLE_STRICT_OBJC_MSGSEND = YES;
				GCC_C_LANGUAGE_STANDARD = gnu99;
				GCC_NO_COMMON_BLOCKS = YES;
				GCC_WARN_64_TO_32_BIT_CONVERSION = YES;
				GCC_WARN_ABOUT_RETURN_TYPE = YES_ERROR;
				GCC_WARN_UNDECLARED_SELECTOR = YES;
				GCC_WARN_UNINITIALIZED_AUTOS = YES_AGGRESSIVE;
				GCC_WARN_UNUSED_FUNCTION = YES;
				GCC_WARN_UNUSED_VARIABLE = YES;
				IPHONEOS_DEPLOYMENT_TARGET = 10.0;
				MTL_ENABLE_DEBUG_INFO = NO;
				SDKROOT = iphoneos;
				SWIFT_OPTIMIZATION_LEVEL = "-Owholemodule";
				TARGETED_DEVICE_FAMILY = "1,2";
				VALIDATE_PRODUCT = YES;
			};
			name = Release;
		};
		7104572A1D94FABC006DF6AC /* Debug */ = {
			isa = XCBuildConfiguration;
			baseConfigurationReference = 906E6C5FF4C33CB3F1808CA0 /* Pods-BZRide.debug.xcconfig */;
			buildSettings = {
				ASSETCATALOG_COMPILER_APPICON_NAME = AppIcon;
				CLANG_ENABLE_MODULES = YES;
				INFOPLIST_FILE = BZRide/Info.plist;
				LD_RUNPATH_SEARCH_PATHS = "$(inherited) @executable_path/Frameworks";
				PRODUCT_BUNDLE_IDENTIFIER = Kyeesha.BZRide;
				PRODUCT_NAME = "$(TARGET_NAME)";
				SWIFT_OBJC_BRIDGING_HEADER = "BZRide/BZRide-Bridging-Header.h";
				SWIFT_OPTIMIZATION_LEVEL = "-Onone";
				SWIFT_VERSION = 3.0;
			};
			name = Debug;
		};
		7104572B1D94FABC006DF6AC /* Release */ = {
			isa = XCBuildConfiguration;
			baseConfigurationReference = 24181805EFC7200290543F13 /* Pods-BZRide.release.xcconfig */;
			buildSettings = {
				ASSETCATALOG_COMPILER_APPICON_NAME = AppIcon;
				CLANG_ENABLE_MODULES = YES;
				INFOPLIST_FILE = BZRide/Info.plist;
				LD_RUNPATH_SEARCH_PATHS = "$(inherited) @executable_path/Frameworks";
				PRODUCT_BUNDLE_IDENTIFIER = Kyeesha.BZRide;
				PRODUCT_NAME = "$(TARGET_NAME)";
				SWIFT_OBJC_BRIDGING_HEADER = "BZRide/BZRide-Bridging-Header.h";
				SWIFT_VERSION = 3.0;
			};
			name = Release;
		};
		7104572D1D94FABC006DF6AC /* Debug */ = {
			isa = XCBuildConfiguration;
			baseConfigurationReference = 968E34C79D5CCFF83A96F1C3 /* Pods-BZRideTests.debug.xcconfig */;
			buildSettings = {
				ALWAYS_EMBED_SWIFT_STANDARD_LIBRARIES = YES;
				BUNDLE_LOADER = "$(TEST_HOST)";
				INFOPLIST_FILE = BZRideTests/Info.plist;
				LD_RUNPATH_SEARCH_PATHS = "$(inherited) @executable_path/Frameworks @loader_path/Frameworks";
				PRODUCT_BUNDLE_IDENTIFIER = Kyeesha.BZRideTests;
				PRODUCT_NAME = "$(TARGET_NAME)";
				SWIFT_VERSION = 3.0;
				TEST_HOST = "$(BUILT_PRODUCTS_DIR)/BZRide.app/BZRide";
			};
			name = Debug;
		};
		7104572E1D94FABC006DF6AC /* Release */ = {
			isa = XCBuildConfiguration;
			baseConfigurationReference = 1BAA33901976FD9E2CAE86EB /* Pods-BZRideTests.release.xcconfig */;
			buildSettings = {
				ALWAYS_EMBED_SWIFT_STANDARD_LIBRARIES = YES;
				BUNDLE_LOADER = "$(TEST_HOST)";
				INFOPLIST_FILE = BZRideTests/Info.plist;
				LD_RUNPATH_SEARCH_PATHS = "$(inherited) @executable_path/Frameworks @loader_path/Frameworks";
				PRODUCT_BUNDLE_IDENTIFIER = Kyeesha.BZRideTests;
				PRODUCT_NAME = "$(TARGET_NAME)";
				SWIFT_VERSION = 3.0;
				TEST_HOST = "$(BUILT_PRODUCTS_DIR)/BZRide.app/BZRide";
			};
			name = Release;
		};
		710457301D94FABC006DF6AC /* Debug */ = {
			isa = XCBuildConfiguration;
			baseConfigurationReference = DDCD65A711CD3A501B066651 /* Pods-BZRideUITests.debug.xcconfig */;
			buildSettings = {
				ALWAYS_EMBED_SWIFT_STANDARD_LIBRARIES = YES;
				INFOPLIST_FILE = BZRideUITests/Info.plist;
				LD_RUNPATH_SEARCH_PATHS = "$(inherited) @executable_path/Frameworks @loader_path/Frameworks";
				PRODUCT_BUNDLE_IDENTIFIER = Kyeesha.BZRideUITests;
				PRODUCT_NAME = "$(TARGET_NAME)";
				SWIFT_VERSION = 3.0;
				TEST_TARGET_NAME = BZRide;
			};
			name = Debug;
		};
		710457311D94FABC006DF6AC /* Release */ = {
			isa = XCBuildConfiguration;
			baseConfigurationReference = 2CE5154976A6623C9CCCD18F /* Pods-BZRideUITests.release.xcconfig */;
			buildSettings = {
				ALWAYS_EMBED_SWIFT_STANDARD_LIBRARIES = YES;
				INFOPLIST_FILE = BZRideUITests/Info.plist;
				LD_RUNPATH_SEARCH_PATHS = "$(inherited) @executable_path/Frameworks @loader_path/Frameworks";
				PRODUCT_BUNDLE_IDENTIFIER = Kyeesha.BZRideUITests;
				PRODUCT_NAME = "$(TARGET_NAME)";
				SWIFT_VERSION = 3.0;
				TEST_TARGET_NAME = BZRide;
			};
			name = Release;
		};
/* End XCBuildConfiguration section */

/* Begin XCConfigurationList section */
		710456F91D94FABC006DF6AC /* Build configuration list for PBXProject "BZRide" */ = {
			isa = XCConfigurationList;
			buildConfigurations = (
				710457271D94FABC006DF6AC /* Debug */,
				710457281D94FABC006DF6AC /* Release */,
			);
			defaultConfigurationIsVisible = 0;
			defaultConfigurationName = Release;
		};
		710457291D94FABC006DF6AC /* Build configuration list for PBXNativeTarget "BZRide" */ = {
			isa = XCConfigurationList;
			buildConfigurations = (
				7104572A1D94FABC006DF6AC /* Debug */,
				7104572B1D94FABC006DF6AC /* Release */,
			);
			defaultConfigurationIsVisible = 0;
			defaultConfigurationName = Release;
		};
		7104572C1D94FABC006DF6AC /* Build configuration list for PBXNativeTarget "BZRideTests" */ = {
			isa = XCConfigurationList;
			buildConfigurations = (
				7104572D1D94FABC006DF6AC /* Debug */,
				7104572E1D94FABC006DF6AC /* Release */,
			);
			defaultConfigurationIsVisible = 0;
			defaultConfigurationName = Release;
		};
		7104572F1D94FABC006DF6AC /* Build configuration list for PBXNativeTarget "BZRideUITests" */ = {
			isa = XCConfigurationList;
			buildConfigurations = (
				710457301D94FABC006DF6AC /* Debug */,
				710457311D94FABC006DF6AC /* Release */,
			);
			defaultConfigurationIsVisible = 0;
			defaultConfigurationName = Release;
		};
/* End XCConfigurationList section */

/* Begin XCVersionGroup section */
		710457081D94FABC006DF6AC /* BZRide.xcdatamodeld */ = {
			isa = XCVersionGroup;
			children = (
				710457091D94FABC006DF6AC /* BZRide.xcdatamodel */,
			);
			currentVersion = 710457091D94FABC006DF6AC /* BZRide.xcdatamodel */;
			path = BZRide.xcdatamodeld;
			sourceTree = "<group>";
			versionGroupType = wrapper.xcdatamodel;
		};
/* End XCVersionGroup section */
	};
	rootObject = 710456F61D94FABC006DF6AC /* Project object */;
}
